# This file is generated by running "yarn install" inside your project.
# Manual changes might be lost - proceed with caution!

__metadata:
  version: 8
  cacheKey: 10c0

"@codemirror/autocomplete@npm:^6.0.0, @codemirror/autocomplete@npm:^6.3.2":
  version: 6.18.6
  resolution: "@codemirror/autocomplete@npm:6.18.6"
  dependencies:
    "@codemirror/language": "npm:^6.0.0"
    "@codemirror/state": "npm:^6.0.0"
    "@codemirror/view": "npm:^6.17.0"
    "@lezer/common": "npm:^1.0.0"
  checksum: 10c0/65069493978b2af7c600af5020a8873270a8bc9a6820da192bf28b03535f1a0127aa5767eb30d9bfa5d36c61186ee2766925625e8a6c731194e7def0d882fb84
  languageName: node
  linkType: hard

"@codemirror/commands@npm:^6.0.0":
  version: 6.8.1
  resolution: "@codemirror/commands@npm:6.8.1"
  dependencies:
    "@codemirror/language": "npm:^6.0.0"
    "@codemirror/state": "npm:^6.4.0"
    "@codemirror/view": "npm:^6.27.0"
    "@lezer/common": "npm:^1.1.0"
  checksum: 10c0/da61311f4c39036f93fbe518c673f2464902cf1b64b071319b14b7d690315b72828de4bc12f28be78eeac6e8b8bd8800d4e7921dc37977f78baac4dd49c5b4bf
  languageName: node
  linkType: hard

"@codemirror/highlight@npm:^0.19.8":
  version: 0.19.8
  resolution: "@codemirror/highlight@npm:0.19.8"
  dependencies:
    "@codemirror/language": "npm:^0.19.0"
    "@codemirror/rangeset": "npm:^0.19.0"
    "@codemirror/state": "npm:^0.19.3"
    "@codemirror/view": "npm:^0.19.39"
    "@lezer/common": "npm:^0.15.0"
    style-mod: "npm:^4.0.0"
  checksum: 10c0/64ee07946e102962339de7d2b1e10f0eb2588549650f681c63ec58b6c1223ed9ed800097d87d5c52150024b7070ba3a0b2b2e27c8913545f85e17c72c2cfff60
  languageName: node
  linkType: hard

"@codemirror/lang-python@npm:^6.1.7":
  version: 6.1.7
  resolution: "@codemirror/lang-python@npm:6.1.7"
  dependencies:
    "@codemirror/autocomplete": "npm:^6.3.2"
    "@codemirror/language": "npm:^6.8.0"
    "@codemirror/state": "npm:^6.0.0"
    "@lezer/common": "npm:^1.2.1"
    "@lezer/python": "npm:^1.1.4"
  checksum: 10c0/446c8410ff5e406a9a2f9eecc4468b7059290607d6b1559a6630ccd524f51967b31703c629f123ae57c278a5305ee8687e1b17c3a9bbf89f27d04eb37010cd37
  languageName: node
  linkType: hard

"@codemirror/language@npm:^0.19.0":
  version: 0.19.10
  resolution: "@codemirror/language@npm:0.19.10"
  dependencies:
    "@codemirror/state": "npm:^0.19.0"
    "@codemirror/text": "npm:^0.19.0"
    "@codemirror/view": "npm:^0.19.0"
    "@lezer/common": "npm:^0.15.5"
    "@lezer/lr": "npm:^0.15.0"
  checksum: 10c0/aaa1a413fde7913cbe07d5ff66e634a9261214afc76e776d4eb68c7c7f6179988c27d842091bbab28059ff64027f23b492a9d976bf0e5396b1dbecdd9bd9c444
  languageName: node
  linkType: hard

"@codemirror/language@npm:^6.0.0, @codemirror/language@npm:^6.8.0":
  version: 6.11.0
  resolution: "@codemirror/language@npm:6.11.0"
  dependencies:
    "@codemirror/state": "npm:^6.0.0"
    "@codemirror/view": "npm:^6.23.0"
    "@lezer/common": "npm:^1.1.0"
    "@lezer/highlight": "npm:^1.0.0"
    "@lezer/lr": "npm:^1.0.0"
    style-mod: "npm:^4.0.0"
  checksum: 10c0/a8e45ef6dbccc5a7389f277b026412eeecc4ce3dfd806f77f34a8d85df20e257b3b5d0da26c59d9f024e7109542614c62cfa708158da447b0ae97b8fd8476fa9
  languageName: node
  linkType: hard

"@codemirror/lint@npm:^6.0.0":
  version: 6.8.5
  resolution: "@codemirror/lint@npm:6.8.5"
  dependencies:
    "@codemirror/state": "npm:^6.0.0"
    "@codemirror/view": "npm:^6.35.0"
    crelt: "npm:^1.0.5"
  checksum: 10c0/3ae3ca239575e81255d6968f73d444335fcbc576eccf96a070cf5d838b3121814e6e0a92a4c5450672ce8178e3f5595bdba00a704915ce29fb0218968e383941
  languageName: node
  linkType: hard

"@codemirror/rangeset@npm:^0.19.0, @codemirror/rangeset@npm:^0.19.5":
  version: 0.19.9
  resolution: "@codemirror/rangeset@npm:0.19.9"
  dependencies:
    "@codemirror/state": "npm:^0.19.0"
  checksum: 10c0/40fc64994f8020f29c224f4f5a5f83b4cb46252f14ec3837258e3fa27228df59fb891d67f0b42bf873b07543f3965b2e6d5a5ea567481792c904b0031b041236
  languageName: node
  linkType: hard

"@codemirror/search@npm:^6.0.0":
  version: 6.5.10
  resolution: "@codemirror/search@npm:6.5.10"
  dependencies:
    "@codemirror/state": "npm:^6.0.0"
    "@codemirror/view": "npm:^6.0.0"
    crelt: "npm:^1.0.5"
  checksum: 10c0/01806b0a04e6274077bac5de9fc201194147da25ec888dec0186269da9aff089d321a1a09245b4de39148c76b30ba8595a95d42dea6f5913d19c3a0107401d3a
  languageName: node
  linkType: hard

"@codemirror/state@npm:^0.19.0, @codemirror/state@npm:^0.19.3":
  version: 0.19.9
  resolution: "@codemirror/state@npm:0.19.9"
  dependencies:
    "@codemirror/text": "npm:^0.19.0"
  checksum: 10c0/b2107e86ab31f4ccd81f2c7848761f6cfaefdc5a215bace692917a9352c44662645535593119c75af2c850de6359771c03ebb8b6366986431a11a1195358d7af
  languageName: node
  linkType: hard

"@codemirror/state@npm:^6.0.0, @codemirror/state@npm:^6.4.0, @codemirror/state@npm:^6.5.0":
  version: 6.5.2
  resolution: "@codemirror/state@npm:6.5.2"
  dependencies:
    "@marijn/find-cluster-break": "npm:^1.0.0"
  checksum: 10c0/1ef773394e32c077a8cfc1ec6d881aefb1918876f82161748e505c38d143aa1c6893c314cfec91097d28f704ec07b2a6c6b75abd435086208974256dee997282
  languageName: node
  linkType: hard

"@codemirror/text@npm:^0.19.0":
  version: 0.19.6
  resolution: "@codemirror/text@npm:0.19.6"
  checksum: 10c0/2c7cf96116e704e0126e4105f5a91b5feda1c9b403de47bb40ef9e650af2e38a1ba5d8f8e40725e8756260589e41337d1f815f634307adf5cd6df4bf95b61718
  languageName: node
  linkType: hard

"@codemirror/theme-one-dark@npm:^6.1.2":
  version: 6.1.2
  resolution: "@codemirror/theme-one-dark@npm:6.1.2"
  dependencies:
    "@codemirror/language": "npm:^6.0.0"
    "@codemirror/state": "npm:^6.0.0"
    "@codemirror/view": "npm:^6.0.0"
    "@lezer/highlight": "npm:^1.0.0"
  checksum: 10c0/d0d70ce1e03fa7e5d51cc72d8bdef043f30e14a5aee88f4dd71b64e176c3d68629c82390b9cfdab8cc1ac20d35703b65fe9160051fddc873aa67c613d9525a3d
  languageName: node
  linkType: hard

"@codemirror/view@npm:^0.19.0, @codemirror/view@npm:^0.19.39":
  version: 0.19.48
  resolution: "@codemirror/view@npm:0.19.48"
  dependencies:
    "@codemirror/rangeset": "npm:^0.19.5"
    "@codemirror/state": "npm:^0.19.3"
    "@codemirror/text": "npm:^0.19.0"
    style-mod: "npm:^4.0.0"
    w3c-keyname: "npm:^2.2.4"
  checksum: 10c0/360893303540878a616b8db85990d58790ba4f7cceda1dd55383a0d49aa733a5f0a1831f31ec12e8419ebf307cc7b47f9b6fa9ddccaed970bcc37174f72f61c0
  languageName: node
  linkType: hard

"@codemirror/view@npm:^6.0.0, @codemirror/view@npm:^6.17.0, @codemirror/view@npm:^6.23.0, @codemirror/view@npm:^6.27.0, @codemirror/view@npm:^6.35.0":
  version: 6.36.5
  resolution: "@codemirror/view@npm:6.36.5"
  dependencies:
    "@codemirror/state": "npm:^6.5.0"
    style-mod: "npm:^4.1.0"
    w3c-keyname: "npm:^2.2.4"
  checksum: 10c0/013dc47cb4dde111f4f0818f7c3ee5e4f505359f26d891ca5bbc839a674da8ac201b4d091c5ad73a889f950d4aeb402f2b4c7fcf1e075cc15a3138792dd9e3f0
  languageName: node
  linkType: hard

"@esbuild/aix-ppc64@npm:0.25.2":
  version: 0.25.2
  resolution: "@esbuild/aix-ppc64@npm:0.25.2"
  conditions: os=aix & cpu=ppc64
  languageName: node
  linkType: hard

"@esbuild/android-arm64@npm:0.25.2":
  version: 0.25.2
  resolution: "@esbuild/android-arm64@npm:0.25.2"
  conditions: os=android & cpu=arm64
  languageName: node
  linkType: hard

"@esbuild/android-arm@npm:0.25.2":
  version: 0.25.2
  resolution: "@esbuild/android-arm@npm:0.25.2"
  conditions: os=android & cpu=arm
  languageName: node
  linkType: hard

"@esbuild/android-x64@npm:0.25.2":
  version: 0.25.2
  resolution: "@esbuild/android-x64@npm:0.25.2"
  conditions: os=android & cpu=x64
  languageName: node
  linkType: hard

"@esbuild/darwin-arm64@npm:0.25.2":
  version: 0.25.2
  resolution: "@esbuild/darwin-arm64@npm:0.25.2"
  conditions: os=darwin & cpu=arm64
  languageName: node
  linkType: hard

"@esbuild/darwin-x64@npm:0.25.2":
  version: 0.25.2
  resolution: "@esbuild/darwin-x64@npm:0.25.2"
  conditions: os=darwin & cpu=x64
  languageName: node
  linkType: hard

"@esbuild/freebsd-arm64@npm:0.25.2":
  version: 0.25.2
  resolution: "@esbuild/freebsd-arm64@npm:0.25.2"
  conditions: os=freebsd & cpu=arm64
  languageName: node
  linkType: hard

"@esbuild/freebsd-x64@npm:0.25.2":
  version: 0.25.2
  resolution: "@esbuild/freebsd-x64@npm:0.25.2"
  conditions: os=freebsd & cpu=x64
  languageName: node
  linkType: hard

"@esbuild/linux-arm64@npm:0.25.2":
  version: 0.25.2
  resolution: "@esbuild/linux-arm64@npm:0.25.2"
  conditions: os=linux & cpu=arm64
  languageName: node
  linkType: hard

"@esbuild/linux-arm@npm:0.25.2":
  version: 0.25.2
  resolution: "@esbuild/linux-arm@npm:0.25.2"
  conditions: os=linux & cpu=arm
  languageName: node
  linkType: hard

"@esbuild/linux-ia32@npm:0.25.2":
  version: 0.25.2
  resolution: "@esbuild/linux-ia32@npm:0.25.2"
  conditions: os=linux & cpu=ia32
  languageName: node
  linkType: hard

"@esbuild/linux-loong64@npm:0.25.2":
  version: 0.25.2
  resolution: "@esbuild/linux-loong64@npm:0.25.2"
  conditions: os=linux & cpu=loong64
  languageName: node
  linkType: hard

"@esbuild/linux-mips64el@npm:0.25.2":
  version: 0.25.2
  resolution: "@esbuild/linux-mips64el@npm:0.25.2"
  conditions: os=linux & cpu=mips64el
  languageName: node
  linkType: hard

"@esbuild/linux-ppc64@npm:0.25.2":
  version: 0.25.2
  resolution: "@esbuild/linux-ppc64@npm:0.25.2"
  conditions: os=linux & cpu=ppc64
  languageName: node
  linkType: hard

"@esbuild/linux-riscv64@npm:0.25.2":
  version: 0.25.2
  resolution: "@esbuild/linux-riscv64@npm:0.25.2"
  conditions: os=linux & cpu=riscv64
  languageName: node
  linkType: hard

"@esbuild/linux-s390x@npm:0.25.2":
  version: 0.25.2
  resolution: "@esbuild/linux-s390x@npm:0.25.2"
  conditions: os=linux & cpu=s390x
  languageName: node
  linkType: hard

"@esbuild/linux-x64@npm:0.25.2":
  version: 0.25.2
  resolution: "@esbuild/linux-x64@npm:0.25.2"
  conditions: os=linux & cpu=x64
  languageName: node
  linkType: hard

"@esbuild/netbsd-arm64@npm:0.25.2":
  version: 0.25.2
  resolution: "@esbuild/netbsd-arm64@npm:0.25.2"
  conditions: os=netbsd & cpu=arm64
  languageName: node
  linkType: hard

"@esbuild/netbsd-x64@npm:0.25.2":
  version: 0.25.2
  resolution: "@esbuild/netbsd-x64@npm:0.25.2"
  conditions: os=netbsd & cpu=x64
  languageName: node
  linkType: hard

"@esbuild/openbsd-arm64@npm:0.25.2":
  version: 0.25.2
  resolution: "@esbuild/openbsd-arm64@npm:0.25.2"
  conditions: os=openbsd & cpu=arm64
  languageName: node
  linkType: hard

"@esbuild/openbsd-x64@npm:0.25.2":
  version: 0.25.2
  resolution: "@esbuild/openbsd-x64@npm:0.25.2"
  conditions: os=openbsd & cpu=x64
  languageName: node
  linkType: hard

"@esbuild/sunos-x64@npm:0.25.2":
  version: 0.25.2
  resolution: "@esbuild/sunos-x64@npm:0.25.2"
  conditions: os=sunos & cpu=x64
  languageName: node
  linkType: hard

"@esbuild/win32-arm64@npm:0.25.2":
  version: 0.25.2
  resolution: "@esbuild/win32-arm64@npm:0.25.2"
  conditions: os=win32 & cpu=arm64
  languageName: node
  linkType: hard

"@esbuild/win32-ia32@npm:0.25.2":
  version: 0.25.2
  resolution: "@esbuild/win32-ia32@npm:0.25.2"
  conditions: os=win32 & cpu=ia32
  languageName: node
  linkType: hard

"@esbuild/win32-x64@npm:0.25.2":
  version: 0.25.2
  resolution: "@esbuild/win32-x64@npm:0.25.2"
  conditions: os=win32 & cpu=x64
  languageName: node
  linkType: hard

"@fsegurai/codemirror-theme-vscode-dark@npm:^6.1.2":
  version: 6.1.2
  resolution: "@fsegurai/codemirror-theme-vscode-dark@npm:6.1.2"
  peerDependencies:
    "@codemirror/language": ^6.0.0
    "@codemirror/state": ^6.0.0
    "@codemirror/view": ^6.0.0
    "@lezer/highlight": ^1.0.0
  checksum: 10c0/797e2269030fe801881fc040b565d1fa0a6c47e23754de6d7b129019f7ba891170787638ef3429aa254f2338488b9bb0e345ba367eaabbc90358075d63d8c1b2
  languageName: node
  linkType: hard

"@isaacs/cliui@npm:^8.0.2":
  version: 8.0.2
  resolution: "@isaacs/cliui@npm:8.0.2"
  dependencies:
    string-width: "npm:^5.1.2"
    string-width-cjs: "npm:string-width@^4.2.0"
    strip-ansi: "npm:^7.0.1"
    strip-ansi-cjs: "npm:strip-ansi@^6.0.1"
    wrap-ansi: "npm:^8.1.0"
    wrap-ansi-cjs: "npm:wrap-ansi@^7.0.0"
  checksum: 10c0/b1bf42535d49f11dc137f18d5e4e63a28c5569de438a221c369483731e9dac9fb797af554e8bf02b6192d1e5eba6e6402cf93900c3d0ac86391d00d04876789e
  languageName: node
  linkType: hard

"@lezer/common@npm:^0.15.0, @lezer/common@npm:^0.15.5":
  version: 0.15.12
  resolution: "@lezer/common@npm:0.15.12"
  checksum: 10c0/ed9cbeeee81e4da94a4fba735caddb6aa5d1908a4b2a95737b35492a2b0ec220be792ef7b2d302914904b3d9fa7307f43e8b627973e10b04cd1c1a88e5647622
  languageName: node
  linkType: hard

"@lezer/common@npm:^1.0.0, @lezer/common@npm:^1.1.0, @lezer/common@npm:^1.2.0, @lezer/common@npm:^1.2.1":
  version: 1.2.3
  resolution: "@lezer/common@npm:1.2.3"
  checksum: 10c0/fe9f8e111080ef94037a34ca2af1221c8d01c1763ba5ecf708a286185c76119509a5d19d924c8842172716716ddce22d7834394670c4a9432f0ba9f3b7c0f50d
  languageName: node
  linkType: hard

"@lezer/highlight@npm:^1.0.0":
  version: 1.2.1
  resolution: "@lezer/highlight@npm:1.2.1"
  dependencies:
    "@lezer/common": "npm:^1.0.0"
  checksum: 10c0/51b4c08596a0dfeec6a7b7ed90a7f2743ab42e7e8ff8b89707fd042860e4e133dbd8243639fcaf077305ae6c303aa74e69794015eb16cb34741f5ac6721f283c
  languageName: node
  linkType: hard

"@lezer/lr@npm:^0.15.0":
  version: 0.15.8
  resolution: "@lezer/lr@npm:0.15.8"
  dependencies:
    "@lezer/common": "npm:^0.15.0"
  checksum: 10c0/5cd5123aca5cb2f268d265b6c21922ba3426ba60b9bbc1df85f4bfeed48097a444c656e642557fa93de8a8eb00d3254f502ce2796ae9edc1d186f14fa540a863
  languageName: node
  linkType: hard

"@lezer/lr@npm:^1.0.0":
  version: 1.4.2
  resolution: "@lezer/lr@npm:1.4.2"
  dependencies:
    "@lezer/common": "npm:^1.0.0"
  checksum: 10c0/22bb5d0d4b33d0de5eb0706b7e5b5f2d20f570e112d9110009bd35b62ff10f2eb4eff8da4cf373dd4ddf5e06a304120b8f039add7ed9997c981c13945d5329cd
  languageName: node
  linkType: hard

"@lezer/python@npm:^1.1.4":
  version: 1.1.17
  resolution: "@lezer/python@npm:1.1.17"
  dependencies:
    "@lezer/common": "npm:^1.2.0"
    "@lezer/highlight": "npm:^1.0.0"
    "@lezer/lr": "npm:^1.0.0"
  checksum: 10c0/99d7ed6f5816ba29fb013c227d63cb88ecdf056c8707a01880446fd812b5bd5cfb3febffc26208c1feb130654886f9c6c97fe26872c4ee3c272f0b8852de106e
  languageName: node
  linkType: hard

"@marijn/find-cluster-break@npm:^1.0.0":
  version: 1.0.2
  resolution: "@marijn/find-cluster-break@npm:1.0.2"
  checksum: 10c0/1a17a60b16083cc5f7ce89d7b7d8aa87ce4099723e3e9e34e229ef2cd8a980e69d481ca8ee90ffedfec5119af1aed581642fb60ed0365e7e90634c81ea6b630f
  languageName: node
  linkType: hard

"ansi-regex@npm:^5.0.1":
  version: 5.0.1
  resolution: "ansi-regex@npm:5.0.1"
  checksum: 10c0/9a64bb8627b434ba9327b60c027742e5d17ac69277960d041898596271d992d4d52ba7267a63ca10232e29f6107fc8a835f6ce8d719b88c5f8493f8254813737
  languageName: node
  linkType: hard

"ansi-regex@npm:^6.0.1":
  version: 6.1.0
  resolution: "ansi-regex@npm:6.1.0"
  checksum: 10c0/a91daeddd54746338478eef88af3439a7edf30f8e23196e2d6ed182da9add559c601266dbef01c2efa46a958ad6f1f8b176799657616c702b5b02e799e7fd8dc
  languageName: node
  linkType: hard

"ansi-styles@npm:^4.0.0":
  version: 4.3.0
  resolution: "ansi-styles@npm:4.3.0"
  dependencies:
    color-convert: "npm:^2.0.1"
  checksum: 10c0/895a23929da416f2bd3de7e9cb4eabd340949328ab85ddd6e484a637d8f6820d485f53933446f5291c3b760cbc488beb8e88573dd0f9c7daf83dccc8fe81b041
  languageName: node
  linkType: hard

"ansi-styles@npm:^6.1.0":
  version: 6.2.1
  resolution: "ansi-styles@npm:6.2.1"
  checksum: 10c0/5d1ec38c123984bcedd996eac680d548f31828bd679a66db2bdf11844634dde55fec3efa9c6bb1d89056a5e79c1ac540c4c784d592ea1d25028a92227d2f2d5c
  languageName: node
  linkType: hard

"balanced-match@npm:^1.0.0":
  version: 1.0.2
  resolution: "balanced-match@npm:1.0.2"
  checksum: 10c0/9308baf0a7e4838a82bbfd11e01b1cb0f0cf2893bc1676c27c2a8c0e70cbae1c59120c3268517a8ae7fb6376b4639ef81ca22582611dbee4ed28df945134aaee
  languageName: node
  linkType: hard

"brace-expansion@npm:^2.0.1":
  version: 2.0.1
  resolution: "brace-expansion@npm:2.0.1"
  dependencies:
    balanced-match: "npm:^1.0.0"
  checksum: 10c0/b358f2fe060e2d7a87aa015979ecea07f3c37d4018f8d6deb5bd4c229ad3a0384fe6029bb76cd8be63c81e516ee52d1a0673edbe2023d53a5191732ae3c3e49f
  languageName: node
  linkType: hard

"chokidar@npm:^4.0.3":
  version: 4.0.3
  resolution: "chokidar@npm:4.0.3"
  dependencies:
    readdirp: "npm:^4.0.1"
  checksum: 10c0/a58b9df05bb452f7d105d9e7229ac82fa873741c0c40ddcc7bb82f8a909fbe3f7814c9ebe9bc9a2bef9b737c0ec6e2d699d179048ef06ad3ec46315df0ebe6ad
  languageName: node
  linkType: hard

"codemirror@npm:^6.0.1":
  version: 6.0.1
  resolution: "codemirror@npm:6.0.1"
  dependencies:
    "@codemirror/autocomplete": "npm:^6.0.0"
    "@codemirror/commands": "npm:^6.0.0"
    "@codemirror/language": "npm:^6.0.0"
    "@codemirror/lint": "npm:^6.0.0"
    "@codemirror/search": "npm:^6.0.0"
    "@codemirror/state": "npm:^6.0.0"
    "@codemirror/view": "npm:^6.0.0"
  checksum: 10c0/219b0f6ee91d373380fba2e0564a2665990a3cdada0b01861768005b09061187c58eeb3db96aef486777b02b77b50a50ee843635e3743c47d3725034913c4b60
  languageName: node
  linkType: hard

"color-convert@npm:^2.0.1":
  version: 2.0.1
  resolution: "color-convert@npm:2.0.1"
  dependencies:
    color-name: "npm:~1.1.4"
  checksum: 10c0/37e1150172f2e311fe1b2df62c6293a342ee7380da7b9cfdba67ea539909afbd74da27033208d01d6d5cfc65ee7868a22e18d7e7648e004425441c0f8a15a7d7
  languageName: node
  linkType: hard

"color-name@npm:~1.1.4":
  version: 1.1.4
  resolution: "color-name@npm:1.1.4"
  checksum: 10c0/a1a3f914156960902f46f7f56bc62effc6c94e84b2cae157a526b1c1f74b677a47ec602bf68a61abfa2b42d15b7c5651c6dbe72a43af720bc588dff885b10f95
  languageName: node
  linkType: hard

"crelt@npm:^1.0.5":
  version: 1.0.6
  resolution: "crelt@npm:1.0.6"
  checksum: 10c0/e0fb76dff50c5eb47f2ea9b786c17f9425c66276025adee80876bdbf4a84ab72e899e56d3928431ab0cb057a105ef704df80fe5726ef0f7b1658f815521bdf09
  languageName: node
  linkType: hard

"cross-spawn@npm:^7.0.6":
  version: 7.0.6
  resolution: "cross-spawn@npm:7.0.6"
  dependencies:
    path-key: "npm:^3.1.0"
    shebang-command: "npm:^2.0.0"
    which: "npm:^2.0.1"
  checksum: 10c0/053ea8b2135caff68a9e81470e845613e374e7309a47731e81639de3eaeb90c3d01af0e0b44d2ab9d50b43467223b88567dfeb3262db942dc063b9976718ffc1
  languageName: node
  linkType: hard

"eastasianwidth@npm:^0.2.0":
  version: 0.2.0
  resolution: "eastasianwidth@npm:0.2.0"
  checksum: 10c0/26f364ebcdb6395f95124fda411f63137a4bfb5d3a06453f7f23dfe52502905bd84e0488172e0f9ec295fdc45f05c23d5d91baf16bd26f0fe9acd777a188dc39
  languageName: node
  linkType: hard

"emoji-regex@npm:^8.0.0":
  version: 8.0.0
  resolution: "emoji-regex@npm:8.0.0"
  checksum: 10c0/b6053ad39951c4cf338f9092d7bfba448cdfd46fe6a2a034700b149ac9ffbc137e361cbd3c442297f86bed2e5f7576c1b54cc0a6bf8ef5106cc62f496af35010
  languageName: node
  linkType: hard

"emoji-regex@npm:^9.2.2":
  version: 9.2.2
  resolution: "emoji-regex@npm:9.2.2"
  checksum: 10c0/af014e759a72064cf66e6e694a7fc6b0ed3d8db680427b021a89727689671cefe9d04151b2cad51dbaf85d5ba790d061cd167f1cf32eb7b281f6368b3c181639
  languageName: node
  linkType: hard

"esbuild-copy-static-files@npm:0.1.0":
  version: 0.1.0
  resolution: "esbuild-copy-static-files@npm:0.1.0"
  checksum: 10c0/c60cebb316fd66d8f5fbf7afee95ac59d02005ee3a0e5f79740b5f18b80911abdfe6e854b3de11fd0abd461af8617dc21f0c6b4f1d1b0860b24f290b7fa9df9c
  languageName: node
  linkType: hard

"esbuild@npm:^0.25.2":
  version: 0.25.2
  resolution: "esbuild@npm:0.25.2"
  dependencies:
    "@esbuild/aix-ppc64": "npm:0.25.2"
    "@esbuild/android-arm": "npm:0.25.2"
    "@esbuild/android-arm64": "npm:0.25.2"
    "@esbuild/android-x64": "npm:0.25.2"
    "@esbuild/darwin-arm64": "npm:0.25.2"
    "@esbuild/darwin-x64": "npm:0.25.2"
    "@esbuild/freebsd-arm64": "npm:0.25.2"
    "@esbuild/freebsd-x64": "npm:0.25.2"
    "@esbuild/linux-arm": "npm:0.25.2"
    "@esbuild/linux-arm64": "npm:0.25.2"
    "@esbuild/linux-ia32": "npm:0.25.2"
    "@esbuild/linux-loong64": "npm:0.25.2"
    "@esbuild/linux-mips64el": "npm:0.25.2"
    "@esbuild/linux-ppc64": "npm:0.25.2"
    "@esbuild/linux-riscv64": "npm:0.25.2"
    "@esbuild/linux-s390x": "npm:0.25.2"
    "@esbuild/linux-x64": "npm:0.25.2"
    "@esbuild/netbsd-arm64": "npm:0.25.2"
    "@esbuild/netbsd-x64": "npm:0.25.2"
    "@esbuild/openbsd-arm64": "npm:0.25.2"
    "@esbuild/openbsd-x64": "npm:0.25.2"
    "@esbuild/sunos-x64": "npm:0.25.2"
    "@esbuild/win32-arm64": "npm:0.25.2"
    "@esbuild/win32-ia32": "npm:0.25.2"
    "@esbuild/win32-x64": "npm:0.25.2"
  dependenciesMeta:
    "@esbuild/aix-ppc64":
      optional: true
    "@esbuild/android-arm":
      optional: true
    "@esbuild/android-arm64":
      optional: true
    "@esbuild/android-x64":
      optional: true
    "@esbuild/darwin-arm64":
      optional: true
    "@esbuild/darwin-x64":
      optional: true
    "@esbuild/freebsd-arm64":
      optional: true
    "@esbuild/freebsd-x64":
      optional: true
    "@esbuild/linux-arm":
      optional: true
    "@esbuild/linux-arm64":
      optional: true
    "@esbuild/linux-ia32":
      optional: true
    "@esbuild/linux-loong64":
      optional: true
    "@esbuild/linux-mips64el":
      optional: true
    "@esbuild/linux-ppc64":
      optional: true
    "@esbuild/linux-riscv64":
      optional: true
    "@esbuild/linux-s390x":
      optional: true
    "@esbuild/linux-x64":
      optional: true
    "@esbuild/netbsd-arm64":
      optional: true
    "@esbuild/netbsd-x64":
      optional: true
    "@esbuild/openbsd-arm64":
      optional: true
    "@esbuild/openbsd-x64":
      optional: true
    "@esbuild/sunos-x64":
      optional: true
    "@esbuild/win32-arm64":
      optional: true
    "@esbuild/win32-ia32":
      optional: true
    "@esbuild/win32-x64":
      optional: true
  bin:
    esbuild: bin/esbuild
  checksum: 10c0/87ce0b78699c4d192b8cf7e9b688e9a0da10e6f58ff85a368bf3044ca1fa95626c98b769b5459352282e0065585b6f994a5e6699af5cccf9d31178960e2b58fd
  languageName: node
  linkType: hard

"foreground-child@npm:^3.1.0":
  version: 3.3.1
  resolution: "foreground-child@npm:3.3.1"
  dependencies:
    cross-spawn: "npm:^7.0.6"
    signal-exit: "npm:^4.0.1"
  checksum: 10c0/8986e4af2430896e65bc2788d6679067294d6aee9545daefc84923a0a4b399ad9c7a3ea7bd8c0b2b80fdf4a92de4c69df3f628233ff3224260e9c1541a9e9ed3
  languageName: node
  linkType: hard

"glob@npm:^11.0.1":
  version: 11.0.1
  resolution: "glob@npm:11.0.1"
  dependencies:
    foreground-child: "npm:^3.1.0"
    jackspeak: "npm:^4.0.1"
    minimatch: "npm:^10.0.0"
    minipass: "npm:^7.1.2"
    package-json-from-dist: "npm:^1.0.0"
    path-scurry: "npm:^2.0.0"
  bin:
    glob: dist/esm/bin.mjs
  checksum: 10c0/2b32588be52e9e90f914c7d8dec32f3144b81b84054b0f70e9adfebf37cd7014570489f2a79d21f7801b9a4bd4cca94f426966bfd00fb64a5b705cfe10da3a03
  languageName: node
  linkType: hard

"is-fullwidth-code-point@npm:^3.0.0":
  version: 3.0.0
  resolution: "is-fullwidth-code-point@npm:3.0.0"
  checksum: 10c0/bb11d825e049f38e04c06373a8d72782eee0205bda9d908cc550ccb3c59b99d750ff9537982e01733c1c94a58e35400661f57042158ff5e8f3e90cf936daf0fc
  languageName: node
  linkType: hard

"isexe@npm:^2.0.0":
  version: 2.0.0
  resolution: "isexe@npm:2.0.0"
  checksum: 10c0/228cfa503fadc2c31596ab06ed6aa82c9976eec2bfd83397e7eaf06d0ccf42cd1dfd6743bf9aeb01aebd4156d009994c5f76ea898d2832c1fe342da923ca457d
  languageName: node
  linkType: hard

"jackspeak@npm:^4.0.1":
  version: 4.1.0
  resolution: "jackspeak@npm:4.1.0"
  dependencies:
    "@isaacs/cliui": "npm:^8.0.2"
  checksum: 10c0/08a6a24a366c90b83aef3ad6ec41dcaaa65428ffab8d80bc7172add0fbb8b134a34f415ad288b2a6fbd406526e9a62abdb40ed4f399fbe00cb45c44056d4dce0
  languageName: node
  linkType: hard

"jquery@npm:^3.7.1":
  version: 3.7.1
  resolution: "jquery@npm:3.7.1"
  checksum: 10c0/808cfbfb758438560224bf26e17fcd5afc7419170230c810dd11f5c1792e2263e2970cca8d659eb84fcd9acc301edb6d310096e450277d54be4f57071b0c82d9
  languageName: node
  linkType: hard

"lru-cache@npm:^11.0.0":
  version: 11.1.0
  resolution: "lru-cache@npm:11.1.0"
  checksum: 10c0/85c312f7113f65fae6a62de7985348649937eb34fb3d212811acbf6704dc322a421788aca253b62838f1f07049a84cc513d88f494e373d3756514ad263670a64
  languageName: node
  linkType: hard

"minimatch@npm:^10.0.0":
  version: 10.0.1
  resolution: "minimatch@npm:10.0.1"
  dependencies:
    brace-expansion: "npm:^2.0.1"
  checksum: 10c0/e6c29a81fe83e1877ad51348306be2e8aeca18c88fdee7a99df44322314279e15799e41d7cb274e4e8bb0b451a3bc622d6182e157dfa1717d6cda75e9cd8cd5d
  languageName: node
  linkType: hard

"minipass@npm:^7.1.2":
  version: 7.1.2
  resolution: "minipass@npm:7.1.2"
  checksum: 10c0/b0fd20bb9fb56e5fa9a8bfac539e8915ae07430a619e4b86ff71f5fc757ef3924b23b2c4230393af1eda647ed3d75739e4e0acb250a6b1eb277cf7f8fe449557
  languageName: node
  linkType: hard

"package-json-from-dist@npm:^1.0.0":
  version: 1.0.1
  resolution: "package-json-from-dist@npm:1.0.1"
  checksum: 10c0/62ba2785eb655fec084a257af34dbe24292ab74516d6aecef97ef72d4897310bc6898f6c85b5cd22770eaa1ce60d55a0230e150fb6a966e3ecd6c511e23d164b
  languageName: node
  linkType: hard

"path-key@npm:^3.1.0":
  version: 3.1.1
  resolution: "path-key@npm:3.1.1"
  checksum: 10c0/748c43efd5a569c039d7a00a03b58eecd1d75f3999f5a28303d75f521288df4823bc057d8784eb72358b2895a05f29a070bc9f1f17d28226cc4e62494cc58c4c
  languageName: node
  linkType: hard

"path-scurry@npm:^2.0.0":
  version: 2.0.0
  resolution: "path-scurry@npm:2.0.0"
  dependencies:
    lru-cache: "npm:^11.0.0"
    minipass: "npm:^7.1.2"
  checksum: 10c0/3da4adedaa8e7ef8d6dc4f35a0ff8f05a9b4d8365f2b28047752b62d4c1ad73eec21e37b1579ef2d075920157856a3b52ae8309c480a6f1a8bbe06ff8e52b33c
  languageName: node
  linkType: hard

"projekt_4@workspace:.":
  version: 0.0.0-use.local
  resolution: "projekt_4@workspace:."
  dependencies:
    "@codemirror/highlight": "npm:^0.19.8"
    "@codemirror/lang-python": "npm:^6.1.7"
    "@codemirror/theme-one-dark": "npm:^6.1.2"
    "@fsegurai/codemirror-theme-vscode-dark": "npm:^6.1.2"
    chokidar: "npm:^4.0.3"
    codemirror: "npm:^6.0.1"
    esbuild: "npm:^0.25.2"
    esbuild-copy-static-files: "npm:0.1.0"
    glob: "npm:^11.0.1"
    jquery: "npm:^3.7.1"
  languageName: unknown
  linkType: soft

"readdirp@npm:^4.0.1":
  version: 4.1.2
  resolution: "readdirp@npm:4.1.2"
  checksum: 10c0/60a14f7619dec48c9c850255cd523e2717001b0e179dc7037cfa0895da7b9e9ab07532d324bfb118d73a710887d1e35f79c495fa91582784493e085d18c72c62
  languageName: node
  linkType: hard

"shebang-command@npm:^2.0.0":
  version: 2.0.0
  resolution: "shebang-command@npm:2.0.0"
  dependencies:
    shebang-regex: "npm:^3.0.0"
  checksum: 10c0/a41692e7d89a553ef21d324a5cceb5f686d1f3c040759c50aab69688634688c5c327f26f3ecf7001ebfd78c01f3c7c0a11a7c8bfd0a8bc9f6240d4f40b224e4e
  languageName: node
  linkType: hard

"shebang-regex@npm:^3.0.0":
  version: 3.0.0
  resolution: "shebang-regex@npm:3.0.0"
  checksum: 10c0/1dbed0726dd0e1152a92696c76c7f06084eb32a90f0528d11acd764043aacf76994b2fb30aa1291a21bd019d6699164d048286309a278855ee7bec06cf6fb690
  languageName: node
  linkType: hard

"signal-exit@npm:^4.0.1":
  version: 4.1.0
  resolution: "signal-exit@npm:4.1.0"
  checksum: 10c0/41602dce540e46d599edba9d9860193398d135f7ff72cab629db5171516cfae628d21e7bfccde1bbfdf11c48726bc2a6d1a8fb8701125852fbfda7cf19c6aa83
  languageName: node
  linkType: hard

"string-width-cjs@npm:string-width@^4.2.0, string-width@npm:^4.1.0":
  version: 4.2.3
  resolution: "string-width@npm:4.2.3"
  dependencies:
    emoji-regex: "npm:^8.0.0"
    is-fullwidth-code-point: "npm:^3.0.0"
    strip-ansi: "npm:^6.0.1"
  checksum: 10c0/1e525e92e5eae0afd7454086eed9c818ee84374bb80328fc41217ae72ff5f065ef1c9d7f72da41de40c75fa8bb3dee63d92373fd492c84260a552c636392a47b
  languageName: node
  linkType: hard

"string-width@npm:^5.0.1, string-width@npm:^5.1.2":
  version: 5.1.2
  resolution: "string-width@npm:5.1.2"
  dependencies:
    eastasianwidth: "npm:^0.2.0"
    emoji-regex: "npm:^9.2.2"
    strip-ansi: "npm:^7.0.1"
  checksum: 10c0/ab9c4264443d35b8b923cbdd513a089a60de339216d3b0ed3be3ba57d6880e1a192b70ae17225f764d7adbf5994e9bb8df253a944736c15a0240eff553c678ca
  languageName: node
  linkType: hard

"strip-ansi-cjs@npm:strip-ansi@^6.0.1, strip-ansi@npm:^6.0.0, strip-ansi@npm:^6.0.1":
  version: 6.0.1
  resolution: "strip-ansi@npm:6.0.1"
  dependencies:
    ansi-regex: "npm:^5.0.1"
  checksum: 10c0/1ae5f212a126fe5b167707f716942490e3933085a5ff6c008ab97ab2f272c8025d3aa218b7bd6ab25729ca20cc81cddb252102f8751e13482a5199e873680952
  languageName: node
  linkType: hard

"strip-ansi@npm:^7.0.1":
  version: 7.1.0
  resolution: "strip-ansi@npm:7.1.0"
  dependencies:
    ansi-regex: "npm:^6.0.1"
  checksum: 10c0/a198c3762e8832505328cbf9e8c8381de14a4fa50a4f9b2160138158ea88c0f5549fb50cb13c651c3088f47e63a108b34622ec18c0499b6c8c3a5ddf6b305ac4
  languageName: node
  linkType: hard

"style-mod@npm:^4.0.0, style-mod@npm:^4.1.0":
  version: 4.1.2
  resolution: "style-mod@npm:4.1.2"
  checksum: 10c0/ad4d870b3642b0e42ecc7be0e106dd14b7af11985e34fee8de34e5e38c3214bfc96fa7055acea86d75a3a59ddea3f6a8c6641001a66494d7df72d09685e3fadb
  languageName: node
  linkType: hard

"w3c-keyname@npm:^2.2.4":
  version: 2.2.8
  resolution: "w3c-keyname@npm:2.2.8"
  checksum: 10c0/37cf335c90efff31672ebb345577d681e2177f7ff9006a9ad47c68c5a9d265ba4a7b39d6c2599ceea639ca9315584ce4bd9c9fbf7a7217bfb7a599e71943c4c4
  languageName: node
  linkType: hard

"which@npm:^2.0.1":
  version: 2.0.2
  resolution: "which@npm:2.0.2"
  dependencies:
    isexe: "npm:^2.0.0"
  bin:
    node-which: ./bin/node-which
  checksum: 10c0/66522872a768b60c2a65a57e8ad184e5372f5b6a9ca6d5f033d4b0dc98aff63995655a7503b9c0a2598936f532120e81dd8cc155e2e92ed662a2b9377cc4374f
  languageName: node
  linkType: hard

"wrap-ansi-cjs@npm:wrap-ansi@^7.0.0":
  version: 7.0.0
  resolution: "wrap-ansi@npm:7.0.0"
  dependencies:
    ansi-styles: "npm:^4.0.0"
    string-width: "npm:^4.1.0"
    strip-ansi: "npm:^6.0.0"
  checksum: 10c0/d15fc12c11e4cbc4044a552129ebc75ee3f57aa9c1958373a4db0292d72282f54373b536103987a4a7594db1ef6a4f10acf92978f79b98c49306a4b58c77d4da
  languageName: node
  linkType: hard

"wrap-ansi@npm:^8.1.0":
  version: 8.1.0
  resolution: "wrap-ansi@npm:8.1.0"
  dependencies:
    ansi-styles: "npm:^6.1.0"
    string-width: "npm:^5.0.1"
    strip-ansi: "npm:^7.0.1"
  checksum: 10c0/138ff58a41d2f877eae87e3282c0630fc2789012fc1af4d6bd626eeb9a2f9a65ca92005e6e69a75c7b85a68479fe7443c7dbe1eb8fbaa681a4491364b7c55c60
  languageName: node
  linkType: hard
